
Microsoft Visual Studio Solution File, Format Version 12.00
# Visual Studio Version 17
VisualStudioVersion = 17.3.32901.215
MinimumVisualStudioVersion = 10.0.40219.1
Project("{FAE04EC0-301F-11D3-BF4B-00C04F79EFBC}") = "Minimo", "Minimo\Minimo.csproj", "{6F394C69-18E8-4F6C-9588-DBF1F592B50A}"
EndProject
Global
	GlobalSection(SolutionConfigurationPlatforms) = preSolution
		Debug|Any CPU = Debug|Any CPU
		Release|Any CPU = Release|Any CPU
	EndGlobalSection
	GlobalSection(ProjectConfigurationPlatforms) = postSolution
		{6F394C69-18E8-4F6C-9588-DBF1F592B50A}.Debug|Any CPU.ActiveCfg = Debug|Any CPU
		{6F394C69-18E8-4F6C-9588-DBF1F592B50A}.Debug|Any CPU.Build.0 = Debug|Any CPU
		{6F394C69-18E8-4F6C-9588-DBF1F592B50A}.Release|Any CPU.ActiveCfg = Release|Any CPU
		{6F394C69-18E8-4F6C-9588-DBF1F592B50A}.Release|Any CPU.Build.0 = Release|Any CPU
	EndGlobalSection
	GlobalSection(SolutionProperties) = preSolution
		HideSolutionNode = FALSE
	EndGlobalSection
	GlobalSection(ExtensibilityGlobals) = postSolution
		SolutionGuid = {5C5DB41C-910B-4843-A0D8-719B1E2C4190}
	EndGlobalSection
EndGlobal
